// !$*UTF8*$!
{
	archiveVersion = 1;
	classes = {
	};
	objectVersion = 45;
	objects = {

/* Begin PBXBuildFile section */
		8DD76F650486A84900D96B5E /* main.cpp in Sources */ = {isa = PBXBuildFile; fileRef = 08FB7796FE84155DC02AAC07 /* main.cpp */; settings = {ATTRIBUTES = (); }; };
		8DD76F6A0486A84900D96B5E /* Nomlets.1 in CopyFiles */ = {isa = PBXBuildFile; fileRef = C6859E8B029090EE04C91782 /* Nomlets.1 */; };
		BF94E9EF12B891E1007B6F99 /* GraphicsCore.cpp in Sources */ = {isa = PBXBuildFile; fileRef = BF94E9EE12B891E1007B6F99 /* GraphicsCore.cpp */; };
		BF94EA3212B89A52007B6F99 /* InputCore.cpp in Sources */ = {isa = PBXBuildFile; fileRef = BF94EA3112B89A52007B6F99 /* InputCore.cpp */; };
		BF94EA5412B8A414007B6F99 /* OpenGL.framework in Frameworks */ = {isa = PBXBuildFile; fileRef = BF94EA5312B8A414007B6F99 /* OpenGL.framework */; };
		BF94EA7F12B8A8D3007B6F99 /* GLUT.framework in Frameworks */ = {isa = PBXBuildFile; fileRef = BF94EA7E12B8A8D3007B6F99 /* GLUT.framework */; };
		BF94EA9112B8AB76007B6F99 /* EngineCore.cpp in Sources */ = {isa = PBXBuildFile; fileRef = BF94EA9012B8AB76007B6F99 /* EngineCore.cpp */; };
		BFD2417512B9D33400911FC3 /* Utilities.cpp in Sources */ = {isa = PBXBuildFile; fileRef = BFD2417412B9D33400911FC3 /* Utilities.cpp */; };
		BFE15B4E12B8BB1500371B15 /* CameraController.cpp in Sources */ = {isa = PBXBuildFile; fileRef = BFE15B4D12B8BB1500371B15 /* CameraController.cpp */; };
		BFE15D4812B8CE0600371B15 /* Foodbit.cpp in Sources */ = {isa = PBXBuildFile; fileRef = BFE15D4012B8CE0600371B15 /* Foodbit.cpp */; };
		BFE15D4912B8CE0600371B15 /* Logistics.cpp in Sources */ = {isa = PBXBuildFile; fileRef = BFE15D4212B8CE0600371B15 /* Logistics.cpp */; };
		BFE15D4A12B8CE0600371B15 /* ModelManager.cpp in Sources */ = {isa = PBXBuildFile; fileRef = BFE15D4412B8CE0600371B15 /* ModelManager.cpp */; };
		BFE15D4B12B8CE0600371B15 /* Nomlet.cpp in Sources */ = {isa = PBXBuildFile; fileRef = BFE15D4612B8CE0600371B15 /* Nomlet.cpp */; };
/* End PBXBuildFile section */

/* Begin PBXCopyFilesBuildPhase section */
		8DD76F690486A84900D96B5E /* CopyFiles */ = {
			isa = PBXCopyFilesBuildPhase;
			buildActionMask = 8;
			dstPath = /usr/share/man/man1/;
			dstSubfolderSpec = 0;
			files = (
				8DD76F6A0486A84900D96B5E /* Nomlets.1 in CopyFiles */,
			);
			runOnlyForDeploymentPostprocessing = 1;
		};
/* End PBXCopyFilesBuildPhase section */

/* Begin PBXFileReference section */
		08FB7796FE84155DC02AAC07 /* main.cpp */ = {isa = PBXFileReference; fileEncoding = 4; lastKnownFileType = sourcecode.cpp.cpp; path = main.cpp; sourceTree = "<group>"; };
		8DD76F6C0486A84900D96B5E /* Nomlets */ = {isa = PBXFileReference; explicitFileType = "compiled.mach-o.executable"; includeInIndex = 0; path = Nomlets; sourceTree = BUILT_PRODUCTS_DIR; };
		BF94E9ED12B891E1007B6F99 /* GraphicsCore.h */ = {isa = PBXFileReference; fileEncoding = 4; lastKnownFileType = sourcecode.c.h; path = GraphicsCore.h; sourceTree = "<group>"; };
		BF94E9EE12B891E1007B6F99 /* GraphicsCore.cpp */ = {isa = PBXFileReference; fileEncoding = 4; lastKnownFileType = sourcecode.cpp.cpp; path = GraphicsCore.cpp; sourceTree = "<group>"; };
		BF94EA3012B89A52007B6F99 /* InputCore.h */ = {isa = PBXFileReference; fileEncoding = 4; lastKnownFileType = sourcecode.c.h; path = InputCore.h; sourceTree = "<group>"; };
		BF94EA3112B89A52007B6F99 /* InputCore.cpp */ = {isa = PBXFileReference; fileEncoding = 4; lastKnownFileType = sourcecode.cpp.cpp; path = InputCore.cpp; sourceTree = "<group>"; };
		BF94EA5312B8A414007B6F99 /* OpenGL.framework */ = {isa = PBXFileReference; lastKnownFileType = wrapper.framework; name = OpenGL.framework; path = System/Library/Frameworks/OpenGL.framework; sourceTree = SDKROOT; };
		BF94EA6012B8A76F007B6F99 /* EnvironmentDeclarations.h */ = {isa = PBXFileReference; fileEncoding = 4; lastKnownFileType = sourcecode.c.h; path = EnvironmentDeclarations.h; sourceTree = "<group>"; };
		BF94EA7E12B8A8D3007B6F99 /* GLUT.framework */ = {isa = PBXFileReference; lastKnownFileType = wrapper.framework; name = GLUT.framework; path = System/Library/Frameworks/GLUT.framework; sourceTree = SDKROOT; };
		BF94EA8F12B8AB76007B6F99 /* EngineCore.h */ = {isa = PBXFileReference; fileEncoding = 4; lastKnownFileType = sourcecode.c.h; path = EngineCore.h; sourceTree = "<group>"; };
		BF94EA9012B8AB76007B6F99 /* EngineCore.cpp */ = {isa = PBXFileReference; fileEncoding = 4; lastKnownFileType = sourcecode.cpp.cpp; path = EngineCore.cpp; sourceTree = "<group>"; };
		BF94EAAB12B8ADEA007B6F99 /* Environment.h */ = {isa = PBXFileReference; fileEncoding = 4; lastKnownFileType = sourcecode.c.h; path = Environment.h; sourceTree = "<group>"; };
		BFD2417312B9D33400911FC3 /* Utilities.h */ = {isa = PBXFileReference; fileEncoding = 4; lastKnownFileType = sourcecode.c.h; path = Utilities.h; sourceTree = "<group>"; };
		BFD2417412B9D33400911FC3 /* Utilities.cpp */ = {isa = PBXFileReference; fileEncoding = 4; lastKnownFileType = sourcecode.cpp.cpp; path = Utilities.cpp; sourceTree = "<group>"; };
		BFE15B4C12B8BB1500371B15 /* CameraController.h */ = {isa = PBXFileReference; fileEncoding = 4; lastKnownFileType = sourcecode.c.h; path = CameraController.h; sourceTree = "<group>"; };
		BFE15B4D12B8BB1500371B15 /* CameraController.cpp */ = {isa = PBXFileReference; fileEncoding = 4; lastKnownFileType = sourcecode.cpp.cpp; path = CameraController.cpp; sourceTree = "<group>"; };
		BFE15D4012B8CE0600371B15 /* Foodbit.cpp */ = {isa = PBXFileReference; fileEncoding = 4; lastKnownFileType = sourcecode.cpp.cpp; path = Foodbit.cpp; sourceTree = "<group>"; };
		BFE15D4112B8CE0600371B15 /* Foodbit.h */ = {isa = PBXFileReference; fileEncoding = 4; lastKnownFileType = sourcecode.c.h; path = Foodbit.h; sourceTree = "<group>"; };
		BFE15D4212B8CE0600371B15 /* Logistics.cpp */ = {isa = PBXFileReference; fileEncoding = 4; lastKnownFileType = sourcecode.cpp.cpp; path = Logistics.cpp; sourceTree = "<group>"; };
		BFE15D4312B8CE0600371B15 /* Logistics.h */ = {isa = PBXFileReference; fileEncoding = 4; lastKnownFileType = sourcecode.c.h; path = Logistics.h; sourceTree = "<group>"; };
		BFE15D4412B8CE0600371B15 /* ModelManager.cpp */ = {isa = PBXFileReference; fileEncoding = 4; lastKnownFileType = sourcecode.cpp.cpp; path = ModelManager.cpp; sourceTree = "<group>"; };
		BFE15D4512B8CE0600371B15 /* ModelManager.h */ = {isa = PBXFileReference; fileEncoding = 4; lastKnownFileType = sourcecode.c.h; path = ModelManager.h; sourceTree = "<group>"; };
		BFE15D4612B8CE0600371B15 /* Nomlet.cpp */ = {isa = PBXFileReference; fileEncoding = 4; lastKnownFileType = sourcecode.cpp.cpp; path = Nomlet.cpp; sourceTree = "<group>"; };
		BFE15D4712B8CE0600371B15 /* Nomlet.h */ = {isa = PBXFileReference; fileEncoding = 4; lastKnownFileType = sourcecode.c.h; path = Nomlet.h; sourceTree = "<group>"; };
		C6859E8B029090EE04C91782 /* Nomlets.1 */ = {isa = PBXFileReference; lastKnownFileType = text.man; path = Nomlets.1; sourceTree = "<group>"; };
/* End PBXFileReference section */

/* Begin PBXFrameworksBuildPhase section */
		8DD76F660486A84900D96B5E /* Frameworks */ = {
			isa = PBXFrameworksBuildPhase;
			buildActionMask = 2147483647;
			files = (
				BF94EA5412B8A414007B6F99 /* OpenGL.framework in Frameworks */,
				BF94EA7F12B8A8D3007B6F99 /* GLUT.framework in Frameworks */,
			);
			runOnlyForDeploymentPostprocessing = 0;
		};
/* End PBXFrameworksBuildPhase section */

/* Begin PBXGroup section */
		08FB7794FE84155DC02AAC07 /* Nomlets */ = {
			isa = PBXGroup;
			children = (
				08FB7795FE84155DC02AAC07 /* Source */,
				C6859E8C029090F304C91782 /* Documentation */,
				1AB674ADFE9D54B511CA2CBB /* Products */,
				BF94EA5312B8A414007B6F99 /* OpenGL.framework */,
				BF94EA7E12B8A8D3007B6F99 /* GLUT.framework */,
			);
			name = Nomlets;
			sourceTree = "<group>";
		};
		08FB7795FE84155DC02AAC07 /* Source */ = {
			isa = PBXGroup;
			children = (
				08FB7796FE84155DC02AAC07 /* main.cpp */,
				BF94E9E312B890A9007B6F99 /* Controller */,
				BF94E9E212B890A0007B6F99 /* View */,
				BF94E9E112B8909B007B6F99 /* Model */,
				BFD2417312B9D33400911FC3 /* Utilities.h */,
				BFD2417412B9D33400911FC3 /* Utilities.cpp */,
			);
			name = Source;
			sourceTree = "<group>";
		};
		1AB674ADFE9D54B511CA2CBB /* Products */ = {
			isa = PBXGroup;
			children = (
				8DD76F6C0486A84900D96B5E /* Nomlets */,
			);
			name = Products;
			sourceTree = "<group>";
		};
		BF94E9E112B8909B007B6F99 /* Model */ = {
			isa = PBXGroup;
			children = (
				BFE15D4112B8CE0600371B15 /* Foodbit.h */,
				BFE15D4012B8CE0600371B15 /* Foodbit.cpp */,
				BFE15D4312B8CE0600371B15 /* Logistics.h */,
				BFE15D4212B8CE0600371B15 /* Logistics.cpp */,
				BFE15D4512B8CE0600371B15 /* ModelManager.h */,
				BFE15D4412B8CE0600371B15 /* ModelManager.cpp */,
				BFE15D4712B8CE0600371B15 /* Nomlet.h */,
				BFE15D4612B8CE0600371B15 /* Nomlet.cpp */,
				BF94EA6012B8A76F007B6F99 /* EnvironmentDeclarations.h */,
				BF94EAAB12B8ADEA007B6F99 /* Environment.h */,
			);
			name = Model;
			sourceTree = "<group>";
		};
		BF94E9E212B890A0007B6F99 /* View */ = {
			isa = PBXGroup;
			children = (
				BF94E9ED12B891E1007B6F99 /* GraphicsCore.h */,
				BF94E9EE12B891E1007B6F99 /* GraphicsCore.cpp */,
			);
			name = View;
			sourceTree = "<group>";
		};
		BF94E9E312B890A9007B6F99 /* Controller */ = {
			isa = PBXGroup;
			children = (
				BF94EA3012B89A52007B6F99 /* InputCore.h */,
				BF94EA3112B89A52007B6F99 /* InputCore.cpp */,
				BF94EA8F12B8AB76007B6F99 /* EngineCore.h */,
				BF94EA9012B8AB76007B6F99 /* EngineCore.cpp */,
				BFE15B4C12B8BB1500371B15 /* CameraController.h */,
				BFE15B4D12B8BB1500371B15 /* CameraController.cpp */,
			);
			name = Controller;
			sourceTree = "<group>";
		};
		C6859E8C029090F304C91782 /* Documentation */ = {
			isa = PBXGroup;
			children = (
				C6859E8B029090EE04C91782 /* Nomlets.1 */,
			);
			name = Documentation;
			sourceTree = "<group>";
		};
/* End PBXGroup section */

/* Begin PBXNativeTarget section */
		8DD76F620486A84900D96B5E /* Nomlets */ = {
			isa = PBXNativeTarget;
			buildConfigurationList = 1DEB923108733DC60010E9CD /* Build configuration list for PBXNativeTarget "Nomlets" */;
			buildPhases = (
				8DD76F640486A84900D96B5E /* Sources */,
				8DD76F660486A84900D96B5E /* Frameworks */,
				8DD76F690486A84900D96B5E /* CopyFiles */,
			);
			buildRules = (
			);
			dependencies = (
			);
			name = Nomlets;
			productInstallPath = "$(HOME)/bin";
			productName = Nomlets;
			productReference = 8DD76F6C0486A84900D96B5E /* Nomlets */;
			productType = "com.apple.product-type.tool";
		};
/* End PBXNativeTarget section */

/* Begin PBXProject section */
		08FB7793FE84155DC02AAC07 /* Project object */ = {
			isa = PBXProject;
			buildConfigurationList = 1DEB923508733DC60010E9CD /* Build configuration list for PBXProject "Nomlets" */;
			compatibilityVersion = "Xcode 3.1";
			hasScannedForEncodings = 1;
			mainGroup = 08FB7794FE84155DC02AAC07 /* Nomlets */;
			projectDirPath = "";
			projectRoot = "";
			targets = (
				8DD76F620486A84900D96B5E /* Nomlets */,
			);
		};
/* End PBXProject section */

/* Begin PBXSourcesBuildPhase section */
		8DD76F640486A84900D96B5E /* Sources */ = {
			isa = PBXSourcesBuildPhase;
			buildActionMask = 2147483647;
			files = (
				8DD76F650486A84900D96B5E /* main.cpp in Sources */,
				BF94E9EF12B891E1007B6F99 /* GraphicsCore.cpp in Sources */,
				BF94EA3212B89A52007B6F99 /* InputCore.cpp in Sources */,
				BF94EA9112B8AB76007B6F99 /* EngineCore.cpp in Sources */,
				BFE15B4E12B8BB1500371B15 /* CameraController.cpp in Sources */,
				BFE15D4812B8CE0600371B15 /* Foodbit.cpp in Sources */,
				BFE15D4912B8CE0600371B15 /* Logistics.cpp in Sources */,
				BFE15D4A12B8CE0600371B15 /* ModelManager.cpp in Sources */,
				BFE15D4B12B8CE0600371B15 /* Nomlet.cpp in Sources */,
				BFD2417512B9D33400911FC3 /* Utilities.cpp in Sources */,
			);
			runOnlyForDeploymentPostprocessing = 0;
		};
/* End PBXSourcesBuildPhase section */

/* Begin XCBuildConfiguration section */
		1DEB923208733DC60010E9CD /* Debug */ = {
			isa = XCBuildConfiguration;
			buildSettings = {
				ALWAYS_SEARCH_USER_PATHS = NO;
				COPY_PHASE_STRIP = NO;
				GCC_DYNAMIC_NO_PIC = NO;
				GCC_ENABLE_FIX_AND_CONTINUE = YES;
				GCC_MODEL_TUNING = G5;
				GCC_OPTIMIZATION_LEVEL = 0;
				INSTALL_PATH = /usr/local/bin;
				PRODUCT_NAME = Nomlets;
			};
			name = Debug;
		};
		1DEB923308733DC60010E9CD /* Release */ = {
			isa = XCBuildConfiguration;
			buildSettings = {
				ALWAYS_SEARCH_USER_PATHS = NO;
				DEBUG_INFORMATION_FORMAT = "dwarf-with-dsym";
				GCC_MODEL_TUNING = G5;
				INSTALL_PATH = /usr/local/bin;
				PRODUCT_NAME = Nomlets;
			};
			name = Release;
		};
		1DEB923608733DC60010E9CD /* Debug */ = {
			isa = XCBuildConfiguration;
			buildSettings = {
				ARCHS = "$(ARCHS_STANDARD_32_64_BIT)";
				GCC_C_LANGUAGE_STANDARD = gnu99;
				GCC_OPTIMIZATION_LEVEL = 0;
				GCC_WARN_ABOUT_RETURN_TYPE = YES;
				GCC_WARN_UNUSED_VARIABLE = YES;
				ONLY_ACTIVE_ARCH = YES;
				PREBINDING = NO;
				SDKROOT = macosx10.6;
			};
			name = Debug;
		};
		1DEB923708733DC60010E9CD /* Release */ = {
			isa = XCBuildConfiguration;
			buildSettings = {
				ARCHS = "$(ARCHS_STANDARD_32_64_BIT)";
				GCC_C_LANGUAGE_STANDARD = gnu99;
				GCC_WARN_ABOUT_RETURN_TYPE = YES;
				GCC_WARN_UNUSED_VARIABLE = YES;
				PREBINDING = NO;
				SDKROOT = macosx10.6;
			};
			name = Release;
		};
/* End XCBuildConfiguration section */

/* Begin XCConfigurationList section */
		1DEB923108733DC60010E9CD /* Build configuration list for PBXNativeTarget "Nomlets" */ = {
			isa = XCConfigurationList;
			buildConfigurations = (
				1DEB923208733DC60010E9CD /* Debug */,
				1DEB923308733DC60010E9CD /* Release */,
			);
			defaultConfigurationIsVisible = 0;
			defaultConfigurationName = Release;
		};
		1DEB923508733DC60010E9CD /* Build configuration list for PBXProject "Nomlets" */ = {
			isa = XCConfigurationList;
			buildConfigurations = (
				1DEB923608733DC60010E9CD /* Debug */,
				1DEB923708733DC60010E9CD /* Release */,
			);
			defaultConfigurationIsVisible = 0;
			defaultConfigurationName = Release;
		};
/* End XCConfigurationList section */
	};
	rootObject = 08FB7793FE84155DC02AAC07 /* Project object */;
}
